{
  "object": {
    "pins": [
      {
        "package": "Alamofire",
        "repositoryURL": "https://github.com/Alamofire/Alamofire",
        "state": {
          "branch": null,
          "revision": "78424be314842833c04bc3bef5b72e85fff99204",
          "version": "5.6.4"
        }
      },
      {
        "package": "CocoaLumberjack",
        "repositoryURL": "https://github.com/CocoaLumberjack/CocoaLumberjack",
        "state": {
          "branch": null,
          "revision": "363ed23d19a931809ea834a7d722da830353806a",
          "version": "3.8.2"
        }
      },
      {
        "package": "InfomaniakCore",
        "repositoryURL": "https://github.com/Infomaniak/ios-core",
        "state": {
          "branch": null,
          "revision": "63012ec35e0452e87245217b2df28974a784344b",
          "version": "4.1.24"
        }
      },
      {
        "package": "InfomaniakDI",
        "repositoryURL": "https://github.com/Infomaniak/ios-dependency-injection",
        "state": {
          "branch": null,
          "revision": "b4d872b5baf5d6f19b98fdfd765205c57870d02e",
          "version": "1.1.11"
        }
      },
      {
        "package": "MatomoTracker",
        "repositoryURL": "https://github.com/matomo-org/matomo-sdk-ios",
        "state": {
          "branch": null,
          "revision": "15a645e11eaa8053f93749d73ced03da1e56fd01",
          "version": "7.5.2"
        }
      },
      {
        "package": "RealmDatabase",
        "repositoryURL": "https://github.com/realm/realm-core.git",
        "state": {
          "branch": null,
          "revision": "b77443ca7fa25407869ca537bf3ae912b1427bff",
          "version": "12.13.0"
        }
      },
      {
        "package": "Realm",
        "repositoryURL": "https://github.com/realm/realm-swift",
        "state": {
          "branch": null,
          "revision": "b1072f3ef733108dfcc62c2001781e5d65605fbf",
          "version": "10.34.1"
        }
      },
      {
        "package": "Sentry",
        "repositoryURL": "https://github.com/getsentry/sentry-cocoa",
        "state": {
          "branch": null,
          "revision": "66e7c6921261acb1fd9461edbaf5899378711c56",
          "version": "8.15.1"
        }
      },
      {
        "package": "swift-log",
        "repositoryURL": "https://github.com/apple/swift-log.git",
        "state": {
          "branch": null,
          "revision": "532d8b529501fb73a2455b179e0bbb6d49b652ed",
          "version": "1.5.3"
        }
      }
    ]
  },
  "version": 1
}
